
Microsoft Visual Studio Solution File, Format Version 12.00
# Visual Studio 15
VisualStudioVersion = 15.0.28307.645
MinimumVisualStudioVersion = 10.0.40219.1
Project("{FAE04EC0-301F-11D3-BF4B-00C04F79EFBC}") = "TestShop.UI", "TestShop.UI\TestShop.UI.csproj", "{A8AE6ACA-074E-406F-9B3A-F1B9562C15FF}"
EndProject
Project("{FAE04EC0-301F-11D3-BF4B-00C04F79EFBC}") = "TestShop.DAL", "TestShop.DAL\TestShop.DAL.csproj", "{6ED2FA49-36C5-4BB8-91E5-7443EFBE97FF}"
EndProject
Global
	GlobalSection(SolutionConfigurationPlatforms) = preSolution
		Debug|Any CPU = Debug|Any CPU
		Release|Any CPU = Release|Any CPU
	EndGlobalSection
	GlobalSection(ProjectConfigurationPlatforms) = postSolution
		{A8AE6ACA-074E-406F-9B3A-F1B9562C15FF}.Debug|Any CPU.ActiveCfg = Debug|Any CPU
		{A8AE6ACA-074E-406F-9B3A-F1B9562C15FF}.Debug|Any CPU.Build.0 = Debug|Any CPU
		{A8AE6ACA-074E-406F-9B3A-F1B9562C15FF}.Release|Any CPU.ActiveCfg = Release|Any CPU
		{A8AE6ACA-074E-406F-9B3A-F1B9562C15FF}.Release|Any CPU.Build.0 = Release|Any CPU
		{6ED2FA49-36C5-4BB8-91E5-7443EFBE97FF}.Debug|Any CPU.ActiveCfg = Debug|Any CPU
		{6ED2FA49-36C5-4BB8-91E5-7443EFBE97FF}.Debug|Any CPU.Build.0 = Debug|Any CPU
		{6ED2FA49-36C5-4BB8-91E5-7443EFBE97FF}.Release|Any CPU.ActiveCfg = Release|Any CPU
		{6ED2FA49-36C5-4BB8-91E5-7443EFBE97FF}.Release|Any CPU.Build.0 = Release|Any CPU
	EndGlobalSection
	GlobalSection(SolutionProperties) = preSolution
		HideSolutionNode = FALSE
	EndGlobalSection
	GlobalSection(ExtensibilityGlobals) = postSolution
		SolutionGuid = {1637D74E-EA63-4324-B4F9-657E52397C17}
	EndGlobalSection
EndGlobal
